
Microsoft Visual Studio Solution File, Format Version 12.00
# Visual Studio Version 17
VisualStudioVersion = 17.8.34330.188
MinimumVisualStudioVersion = 10.0.40219.1
Project("{9A19103F-16F7-4668-BE54-9A1E7A4F7556}") = "library", "library\library.csproj", "{B01F257E-1839-40DC-8030-8BC3BAE201B8}"
EndProject
Project("{9A19103F-16F7-4668-BE54-9A1E7A4F7556}") = "TestProject10", "TestProject10\TestProject10.csproj", "{5C897193-2F99-4241-BC70-B78BD5869879}"
EndProject
Project("{FAE04EC0-301F-11D3-BF4B-00C04F79EFBC}") = "programten", "programten\programten.csproj", "{18F3F596-AB61-46E4-B046-A4F29A56C3B6}"
EndProject
Global
	GlobalSection(SolutionConfigurationPlatforms) = preSolution
		Debug|Any CPU = Debug|Any CPU
		Release|Any CPU = Release|Any CPU
	EndGlobalSection
	GlobalSection(ProjectConfigurationPlatforms) = postSolution
		{B01F257E-1839-40DC-8030-8BC3BAE201B8}.Debug|Any CPU.ActiveCfg = Debug|Any CPU
		{B01F257E-1839-40DC-8030-8BC3BAE201B8}.Debug|Any CPU.Build.0 = Debug|Any CPU
		{B01F257E-1839-40DC-8030-8BC3BAE201B8}.Release|Any CPU.ActiveCfg = Release|Any CPU
		{B01F257E-1839-40DC-8030-8BC3BAE201B8}.Release|Any CPU.Build.0 = Release|Any CPU
		{5C897193-2F99-4241-BC70-B78BD5869879}.Debug|Any CPU.ActiveCfg = Debug|Any CPU
		{5C897193-2F99-4241-BC70-B78BD5869879}.Debug|Any CPU.Build.0 = Debug|Any CPU
		{5C897193-2F99-4241-BC70-B78BD5869879}.Release|Any CPU.ActiveCfg = Release|Any CPU
		{5C897193-2F99-4241-BC70-B78BD5869879}.Release|Any CPU.Build.0 = Release|Any CPU
		{18F3F596-AB61-46E4-B046-A4F29A56C3B6}.Debug|Any CPU.ActiveCfg = Debug|Any CPU
		{18F3F596-AB61-46E4-B046-A4F29A56C3B6}.Debug|Any CPU.Build.0 = Debug|Any CPU
		{18F3F596-AB61-46E4-B046-A4F29A56C3B6}.Release|Any CPU.ActiveCfg = Release|Any CPU
		{18F3F596-AB61-46E4-B046-A4F29A56C3B6}.Release|Any CPU.Build.0 = Release|Any CPU
	EndGlobalSection
	GlobalSection(SolutionProperties) = preSolution
		HideSolutionNode = FALSE
	EndGlobalSection
	GlobalSection(ExtensibilityGlobals) = postSolution
		SolutionGuid = {34127920-3316-4A94-9B45-1BDA3A9B8F4D}
	EndGlobalSection
EndGlobal
